// !$*UTF8*$!
{
	archiveVersion = 1;
	classes = {
	};
	objectVersion = 77;
	objects = {

/* Begin PBXBuildFile section */
		352491C82F1ED672002604AC /* MainTabView.swift in Sources */ = {isa = PBXBuildFile; fileRef = 352491C72F1ED672002604AC /* MainTabView.swift */; };
		352491CA2F1ED681002604AC /* FeedView.swift in Sources */ = {isa = PBXBuildFile; fileRef = 352491C92F1ED681002604AC /* FeedView.swift */; };
		352491CC2F1ED68F002604AC /* MapView.swift in Sources */ = {isa = PBXBuildFile; fileRef = 352491CB2F1ED68F002604AC /* MapView.swift */; };
		352491CE2F1ED69D002604AC /* ReviewView.swift in Sources */ = {isa = PBXBuildFile; fileRef = 352491CD2F1ED69D002604AC /* ReviewView.swift */; };
		352491D02F1ED6A9002604AC /* ProfileView.swift in Sources */ = {isa = PBXBuildFile; fileRef = 352491CF2F1ED6A9002604AC /* ProfileView.swift */; };
		352491D22F1EF902002604AC /* AppState.swift in Sources */ = {isa = PBXBuildFile; fileRef = 352491D12F1EF902002604AC /* AppState.swift */; };
		352491D42F1EFB97002604AC /* AppRootView.swift in Sources */ = {isa = PBXBuildFile; fileRef = 352491D32F1EFB97002604AC /* AppRootView.swift */; };
		352491D62F1EFBBD002604AC /* LoggedOutView.swift in Sources */ = {isa = PBXBuildFile; fileRef = 352491D52F1EFBBD002604AC /* LoggedOutView.swift */; };
		353335842F247BE9002DE50B /* User.swift in Sources */ = {isa = PBXBuildFile; fileRef = 353335832F247BE9002DE50B /* User.swift */; };
		353335862F247C21002DE50B /* Review.swift in Sources */ = {isa = PBXBuildFile; fileRef = 353335852F247C21002DE50B /* Review.swift */; };
		353335882F247C33002DE50B /* Place.swift in Sources */ = {isa = PBXBuildFile; fileRef = 353335872F247C33002DE50B /* Place.swift */; };
		3533358A2F248162002DE50B /* MockData.swift in Sources */ = {isa = PBXBuildFile; fileRef = 353335892F248162002DE50B /* MockData.swift */; };
		3533358C2F2490AF002DE50B /* ReviewCardView.swift in Sources */ = {isa = PBXBuildFile; fileRef = 3533358B2F2490AF002DE50B /* ReviewCardView.swift */; };
		3533358E2F2496DF002DE50B /* PlaceDetailView.swift in Sources */ = {isa = PBXBuildFile; fileRef = 3533358D2F2496DF002DE50B /* PlaceDetailView.swift */; };
/* End PBXBuildFile section */

/* Begin PBXFileReference section */
		352491AC2F1ECD24002604AC /* WhatsGood.app */ = {isa = PBXFileReference; explicitFileType = wrapper.application; includeInIndex = 0; path = WhatsGood.app; sourceTree = BUILT_PRODUCTS_DIR; };
		352491C72F1ED672002604AC /* MainTabView.swift */ = {isa = PBXFileReference; lastKnownFileType = sourcecode.swift; path = MainTabView.swift; sourceTree = "<group>"; };
		352491C92F1ED681002604AC /* FeedView.swift */ = {isa = PBXFileReference; lastKnownFileType = sourcecode.swift; path = FeedView.swift; sourceTree = "<group>"; };
		352491CB2F1ED68F002604AC /* MapView.swift */ = {isa = PBXFileReference; lastKnownFileType = sourcecode.swift; path = MapView.swift; sourceTree = "<group>"; };
		352491CD2F1ED69D002604AC /* ReviewView.swift */ = {isa = PBXFileReference; lastKnownFileType = sourcecode.swift; path = ReviewView.swift; sourceTree = "<group>"; };
		352491CF2F1ED6A9002604AC /* ProfileView.swift */ = {isa = PBXFileReference; lastKnownFileType = sourcecode.swift; path = ProfileView.swift; sourceTree = "<group>"; };
		352491D12F1EF902002604AC /* AppState.swift */ = {isa = PBXFileReference; lastKnownFileType = sourcecode.swift; path = AppState.swift; sourceTree = "<group>"; };
		352491D32F1EFB97002604AC /* AppRootView.swift */ = {isa = PBXFileReference; lastKnownFileType = sourcecode.swift; path = AppRootView.swift; sourceTree = "<group>"; };
		352491D52F1EFBBD002604AC /* LoggedOutView.swift */ = {isa = PBXFileReference; lastKnownFileType = sourcecode.swift; path = LoggedOutView.swift; sourceTree = "<group>"; };
		353335832F247BE9002DE50B /* User.swift */ = {isa = PBXFileReference; lastKnownFileType = sourcecode.swift; path = User.swift; sourceTree = "<group>"; };
		353335852F247C21002DE50B /* Review.swift */ = {isa = PBXFileReference; lastKnownFileType = sourcecode.swift; path = Review.swift; sourceTree = "<group>"; };
		353335872F247C33002DE50B /* Place.swift */ = {isa = PBXFileReference; lastKnownFileType = sourcecode.swift; path = Place.swift; sourceTree = "<group>"; };
		353335892F248162002DE50B /* MockData.swift */ = {isa = PBXFileReference; lastKnownFileType = sourcecode.swift; path = MockData.swift; sourceTree = "<group>"; };
		3533358B2F2490AF002DE50B /* ReviewCardView.swift */ = {isa = PBXFileReference; lastKnownFileType = sourcecode.swift; path = ReviewCardView.swift; sourceTree = "<group>"; };
		3533358D2F2496DF002DE50B /* PlaceDetailView.swift */ = {isa = PBXFileReference; lastKnownFileType = sourcecode.swift; path = PlaceDetailView.swift; sourceTree = "<group>"; };
/* End PBXFileReference section */

/* Begin PBXFileSystemSynchronizedRootGroup section */
		352491AE2F1ECD24002604AC /* WhatsGood */ = {
			isa = PBXFileSystemSynchronizedRootGroup;
			path = WhatsGood;
			sourceTree = "<group>";
		};
/* End PBXFileSystemSynchronizedRootGroup section */

/* Begin PBXFrameworksBuildPhase section */
		352491A92F1ECD24002604AC /* Frameworks */ = {
			isa = PBXFrameworksBuildPhase;
			buildActionMask = 2147483647;
			files = (
			);
			runOnlyForDeploymentPostprocessing = 0;
		};
/* End PBXFrameworksBuildPhase section */

/* Begin PBXGroup section */
		352491A32F1ECD24002604AC = {
			isa = PBXGroup;
			children = (
				352491C52F1ED59D002604AC /* Components */,
				352491C42F1ED594002604AC /* Services */,
				352491C32F1ED58D002604AC /* Models */,
				352491C22F1ED584002604AC /* Views */,
				352491C12F1ED57A002604AC /* App */,
				352491AD2F1ECD24002604AC /* Products */,
			);
			sourceTree = "<group>";
		};
		352491AD2F1ECD24002604AC /* Products */ = {
			isa = PBXGroup;
			children = (
				352491AC2F1ECD24002604AC /* WhatsGood.app */,
			);
			name = Products;
			sourceTree = "<group>";
		};
		352491C12F1ED57A002604AC /* App */ = {
			isa = PBXGroup;
			children = (
				352491AE2F1ECD24002604AC /* WhatsGood */,
			);
			path = App;
			sourceTree = "<group>";
		};
		352491C22F1ED584002604AC /* Views */ = {
			isa = PBXGroup;
			children = (
				352491C72F1ED672002604AC /* MainTabView.swift */,
				352491C92F1ED681002604AC /* FeedView.swift */,
				352491CB2F1ED68F002604AC /* MapView.swift */,
				352491CD2F1ED69D002604AC /* ReviewView.swift */,
				352491CF2F1ED6A9002604AC /* ProfileView.swift */,
				352491D32F1EFB97002604AC /* AppRootView.swift */,
				352491D52F1EFBBD002604AC /* LoggedOutView.swift */,
				3533358D2F2496DF002DE50B /* PlaceDetailView.swift */,
			);
			path = Views;
			sourceTree = "<group>";
		};
		352491C32F1ED58D002604AC /* Models */ = {
			isa = PBXGroup;
			children = (
				353335832F247BE9002DE50B /* User.swift */,
				353335852F247C21002DE50B /* Review.swift */,
				353335872F247C33002DE50B /* Place.swift */,
			);
			path = Models;
			sourceTree = "<group>";
		};
		352491C42F1ED594002604AC /* Services */ = {
			isa = PBXGroup;
			children = (
				352491D12F1EF902002604AC /* AppState.swift */,
				353335892F248162002DE50B /* MockData.swift */,
			);
			path = Services;
			sourceTree = "<group>";
		};
		352491C52F1ED59D002604AC /* Components */ = {
			isa = PBXGroup;
			children = (
				3533358B2F2490AF002DE50B /* ReviewCardView.swift */,
			);
			path = Components;
			sourceTree = "<group>";
		};
/* End PBXGroup section */

/* Begin PBXNativeTarget section */
		352491AB2F1ECD24002604AC /* WhatsGood */ = {
			isa = PBXNativeTarget;
			buildConfigurationList = 352491B72F1ECD25002604AC /* Build configuration list for PBXNativeTarget "WhatsGood" */;
			buildPhases = (
				352491A82F1ECD24002604AC /* Sources */,
				352491A92F1ECD24002604AC /* Frameworks */,
				352491AA2F1ECD24002604AC /* Resources */,
			);
			buildRules = (
			);
			dependencies = (
			);
			fileSystemSynchronizedGroups = (
				352491AE2F1ECD24002604AC /* WhatsGood */,
			);
			name = WhatsGood;
			packageProductDependencies = (
			);
			productName = WhatsGood;
			productReference = 352491AC2F1ECD24002604AC /* WhatsGood.app */;
			productType = "com.apple.product-type.application";
		};
/* End PBXNativeTarget section */

/* Begin PBXProject section */
		352491A42F1ECD24002604AC /* Project object */ = {
			isa = PBXProject;
			attributes = {
				BuildIndependentTargetsInParallel = 1;
				LastSwiftUpdateCheck = 2610;
				LastUpgradeCheck = 2610;
				TargetAttributes = {
					352491AB2F1ECD24002604AC = {
						CreatedOnToolsVersion = 26.1.1;
					};
				};
			};
			buildConfigurationList = 352491A72F1ECD24002604AC /* Build configuration list for PBXProject "WhatsGood" */;
			developmentRegion = en;
			hasScannedForEncodings = 0;
			knownRegions = (
				en,
				Base,
			);
			mainGroup = 352491A32F1ECD24002604AC;
			minimizedProjectReferenceProxies = 1;
			preferredProjectObjectVersion = 77;
			productRefGroup = 352491AD2F1ECD24002604AC /* Products */;
			projectDirPath = "";
			projectRoot = "";
			targets = (
				352491AB2F1ECD24002604AC /* WhatsGood */,
			);
		};
/* End PBXProject section */

/* Begin PBXResourcesBuildPhase section */
		352491AA2F1ECD24002604AC /* Resources */ = {
			isa = PBXResourcesBuildPhase;
			buildActionMask = 2147483647;
			files = (
			);
			runOnlyForDeploymentPostprocessing = 0;
		};
/* End PBXResourcesBuildPhase section */

/* Begin PBXSourcesBuildPhase section */
		352491A82F1ECD24002604AC /* Sources */ = {
			isa = PBXSourcesBuildPhase;
			buildActionMask = 2147483647;
			files = (
				352491CA2F1ED681002604AC /* FeedView.swift in Sources */,
				353335882F247C33002DE50B /* Place.swift in Sources */,
				352491D42F1EFB97002604AC /* AppRootView.swift in Sources */,
				3533358E2F2496DF002DE50B /* PlaceDetailView.swift in Sources */,
				352491CC2F1ED68F002604AC /* MapView.swift in Sources */,
				352491D22F1EF902002604AC /* AppState.swift in Sources */,
				3533358A2F248162002DE50B /* MockData.swift in Sources */,
				353335862F247C21002DE50B /* Review.swift in Sources */,
				352491CE2F1ED69D002604AC /* ReviewView.swift in Sources */,
				352491D62F1EFBBD002604AC /* LoggedOutView.swift in Sources */,
				352491D02F1ED6A9002604AC /* ProfileView.swift in Sources */,
				353335842F247BE9002DE50B /* User.swift in Sources */,
				352491C82F1ED672002604AC /* MainTabView.swift in Sources */,
				3533358C2F2490AF002DE50B /* ReviewCardView.swift in Sources */,
			);
			runOnlyForDeploymentPostprocessing = 0;
		};
/* End PBXSourcesBuildPhase section */

/* Begin XCBuildConfiguration section */
		352491B52F1ECD25002604AC /* Debug */ = {
			isa = XCBuildConfiguration;
			buildSettings = {
				ALWAYS_SEARCH_USER_PATHS = NO;
				ASSETCATALOG_COMPILER_GENERATE_SWIFT_ASSET_SYMBOL_EXTENSIONS = YES;
				CLANG_ANALYZER_NONNULL = YES;
				CLANG_ANALYZER_NUMBER_OBJECT_CONVERSION = YES_AGGRESSIVE;
				CLANG_CXX_LANGUAGE_STANDARD = "gnu++20";
				CLANG_ENABLE_MODULES = YES;
				CLANG_ENABLE_OBJC_ARC = YES;
				CLANG_ENABLE_OBJC_WEAK = YES;
				CLANG_WARN_BLOCK_CAPTURE_AUTORELEASING = YES;
				CLANG_WARN_BOOL_CONVERSION = YES;
				CLANG_WARN_COMMA = YES;
				CLANG_WARN_CONSTANT_CONVERSION = YES;
				CLANG_WARN_DEPRECATED_OBJC_IMPLEMENTATIONS = YES;
				CLANG_WARN_DIRECT_OBJC_ISA_USAGE = YES_ERROR;
				CLANG_WARN_DOCUMENTATION_COMMENTS = YES;
				CLANG_WARN_EMPTY_BODY = YES;
				CLANG_WARN_ENUM_CONVERSION = YES;
				CLANG_WARN_INFINITE_RECURSION = YES;
				CLANG_WARN_INT_CONVERSION = YES;
				CLANG_WARN_NON_LITERAL_NULL_CONVERSION = YES;
				CLANG_WARN_OBJC_IMPLICIT_RETAIN_SELF = YES;
				CLANG_WARN_OBJC_LITERAL_CONVERSION = YES;
				CLANG_WARN_OBJC_ROOT_CLASS = YES_ERROR;
				CLANG_WARN_QUOTED_INCLUDE_IN_FRAMEWORK_HEADER = YES;
				CLANG_WARN_RANGE_LOOP_ANALYSIS = YES;
				CLANG_WARN_STRICT_PROTOTYPES = YES;
				CLANG_WARN_SUSPICIOUS_MOVE = YES;
				CLANG_WARN_UNGUARDED_AVAILABILITY = YES_AGGRESSIVE;
				CLANG_WARN_UNREACHABLE_CODE = YES;
				CLANG_WARN__DUPLICATE_METHOD_MATCH = YES;
				COPY_PHASE_STRIP = NO;
				DEBUG_INFORMATION_FORMAT = dwarf;
				DEVELOPMENT_TEAM = AZWB3DB9V3;
				ENABLE_STRICT_OBJC_MSGSEND = YES;
				ENABLE_TESTABILITY = YES;
				ENABLE_USER_SCRIPT_SANDBOXING = YES;
				GCC_C_LANGUAGE_STANDARD = gnu17;
				GCC_DYNAMIC_NO_PIC = NO;
				GCC_NO_COMMON_BLOCKS = YES;
				GCC_OPTIMIZATION_LEVEL = 0;
				GCC_PREPROCESSOR_DEFINITIONS = (
					"DEBUG=1",
					"$(inherited)",
				);
				GCC_WARN_64_TO_32_BIT_CONVERSION = YES;
				GCC_WARN_ABOUT_RETURN_TYPE = YES_ERROR;
				GCC_WARN_UNDECLARED_SELECTOR = YES;
				GCC_WARN_UNINITIALIZED_AUTOS = YES_AGGRESSIVE;
				GCC_WARN_UNUSED_FUNCTION = YES;
				GCC_WARN_UNUSED_VARIABLE = YES;
				IPHONEOS_DEPLOYMENT_TARGET = 26.1;
				LOCALIZATION_PREFERS_STRING_CATALOGS = YES;
				MTL_ENABLE_DEBUG_INFO = INCLUDE_SOURCE;
				MTL_FAST_MATH = YES;
				ONLY_ACTIVE_ARCH = YES;
				SDKROOT = iphoneos;
				SWIFT_ACTIVE_COMPILATION_CONDITIONS = "DEBUG $(inherited)";
				SWIFT_OPTIMIZATION_LEVEL = "-Onone";
			};
			name = Debug;
		};
		352491B62F1ECD25002604AC /* Release */ = {
			isa = XCBuildConfiguration;
			buildSettings = {
				ALWAYS_SEARCH_USER_PATHS = NO;
				ASSETCATALOG_COMPILER_GENERATE_SWIFT_ASSET_SYMBOL_EXTENSIONS = YES;
				CLANG_ANALYZER_NONNULL = YES;
				CLANG_ANALYZER_NUMBER_OBJECT_CONVERSION = YES_AGGRESSIVE;
				CLANG_CXX_LANGUAGE_STANDARD = "gnu++20";
				CLANG_ENABLE_MODULES = YES;
				CLANG_ENABLE_OBJC_ARC = YES;
				CLANG_ENABLE_OBJC_WEAK = YES;
				CLANG_WARN_BLOCK_CAPTURE_AUTORELEASING = YES;
				CLANG_WARN_BOOL_CONVERSION = YES;
				CLANG_WARN_COMMA = YES;
				CLANG_WARN_CONSTANT_CONVERSION = YES;
				CLANG_WARN_DEPRECATED_OBJC_IMPLEMENTATIONS = YES;
				CLANG_WARN_DIRECT_OBJC_ISA_USAGE = YES_ERROR;
				CLANG_WARN_DOCUMENTATION_COMMENTS = YES;
				CLANG_WARN_EMPTY_BODY = YES;
				CLANG_WARN_ENUM_CONVERSION = YES;
				CLANG_WARN_INFINITE_RECURSION = YES;
				CLANG_WARN_INT_CONVERSION = YES;
				CLANG_WARN_NON_LITERAL_NULL_CONVERSION = YES;
				CLANG_WARN_OBJC_IMPLICIT_RETAIN_SELF = YES;
				CLANG_WARN_OBJC_LITERAL_CONVERSION = YES;
				CLANG_WARN_OBJC_ROOT_CLASS = YES_ERROR;
				CLANG_WARN_QUOTED_INCLUDE_IN_FRAMEWORK_HEADER = YES;
				CLANG_WARN_RANGE_LOOP_ANALYSIS = YES;
				CLANG_WARN_STRICT_PROTOTYPES = YES;
				CLANG_WARN_SUSPICIOUS_MOVE = YES;
				CLANG_WARN_UNGUARDED_AVAILABILITY = YES_AGGRESSIVE;
				CLANG_WARN_UNREACHABLE_CODE = YES;
				CLANG_WARN__DUPLICATE_METHOD_MATCH = YES;
				COPY_PHASE_STRIP = NO;
				DEBUG_INFORMATION_FORMAT = "dwarf-with-dsym";
				DEVELOPMENT_TEAM = AZWB3DB9V3;
				ENABLE_NS_ASSERTIONS = NO;
				ENABLE_STRICT_OBJC_MSGSEND = YES;
				ENABLE_USER_SCRIPT_SANDBOXING = YES;
				GCC_C_LANGUAGE_STANDARD = gnu17;
				GCC_NO_COMMON_BLOCKS = YES;
				GCC_WARN_64_TO_32_BIT_CONVERSION = YES;
				GCC_WARN_ABOUT_RETURN_TYPE = YES_ERROR;
				GCC_WARN_UNDECLARED_SELECTOR = YES;
				GCC_WARN_UNINITIALIZED_AUTOS = YES_AGGRESSIVE;
				GCC_WARN_UNUSED_FUNCTION = YES;
				GCC_WARN_UNUSED_VARIABLE = YES;
				IPHONEOS_DEPLOYMENT_TARGET = 26.1;
				LOCALIZATION_PREFERS_STRING_CATALOGS = YES;
				MTL_ENABLE_DEBUG_INFO = NO;
				MTL_FAST_MATH = YES;
				SDKROOT = iphoneos;
				SWIFT_COMPILATION_MODE = wholemodule;
				VALIDATE_PRODUCT = YES;
			};
			name = Release;
		};
		352491B82F1ECD25002604AC /* Debug */ = {
			isa = XCBuildConfiguration;
			buildSettings = {
				ASSETCATALOG_COMPILER_APPICON_NAME = AppIcon;
				ASSETCATALOG_COMPILER_GLOBAL_ACCENT_COLOR_NAME = AccentColor;
				CODE_SIGN_STYLE = Automatic;
				CURRENT_PROJECT_VERSION = 1;
				DEVELOPMENT_TEAM = AZWB3DB9V3;
				ENABLE_PREVIEWS = YES;
				GENERATE_INFOPLIST_FILE = YES;
				INFOPLIST_KEY_UIApplicationSceneManifest_Generation = YES;
				INFOPLIST_KEY_UIApplicationSupportsIndirectInputEvents = YES;
				INFOPLIST_KEY_UILaunchScreen_Generation = YES;
				INFOPLIST_KEY_UISupportedInterfaceOrientations_iPad = "UIInterfaceOrientationPortrait UIInterfaceOrientationPortraitUpsideDown UIInterfaceOrientationLandscapeLeft UIInterfaceOrientationLandscapeRight";
				INFOPLIST_KEY_UISupportedInterfaceOrientations_iPhone = "UIInterfaceOrientationPortrait UIInterfaceOrientationLandscapeLeft UIInterfaceOrientationLandscapeRight";
				LD_RUNPATH_SEARCH_PATHS = (
					"$(inherited)",
					"@executable_path/Frameworks",
				);
				MARKETING_VERSION = 1.0;
				PRODUCT_BUNDLE_IDENTIFIER = com.williamford.WhatsGood;
				PRODUCT_NAME = "$(TARGET_NAME)";
				STRING_CATALOG_GENERATE_SYMBOLS = YES;
				SWIFT_APPROACHABLE_CONCURRENCY = YES;
				SWIFT_DEFAULT_ACTOR_ISOLATION = MainActor;
				SWIFT_EMIT_LOC_STRINGS = YES;
				SWIFT_UPCOMING_FEATURE_MEMBER_IMPORT_VISIBILITY = YES;
				SWIFT_VERSION = 5.0;
				TARGETED_DEVICE_FAMILY = "1,2";
			};
			name = Debug;
		};
		352491B92F1ECD25002604AC /* Release */ = {
			isa = XCBuildConfiguration;
			buildSettings = {
				ASSETCATALOG_COMPILER_APPICON_NAME = AppIcon;
				ASSETCATALOG_COMPILER_GLOBAL_ACCENT_COLOR_NAME = AccentColor;
				CODE_SIGN_STYLE = Automatic;
				CURRENT_PROJECT_VERSION = 1;
				DEVELOPMENT_TEAM = AZWB3DB9V3;
				ENABLE_PREVIEWS = YES;
				GENERATE_INFOPLIST_FILE = YES;
				INFOPLIST_KEY_UIApplicationSceneManifest_Generation = YES;
				INFOPLIST_KEY_UIApplicationSupportsIndirectInputEvents = YES;
				INFOPLIST_KEY_UILaunchScreen_Generation = YES;
				INFOPLIST_KEY_UISupportedInterfaceOrientations_iPad = "UIInterfaceOrientationPortrait UIInterfaceOrientationPortraitUpsideDown UIInterfaceOrientationLandscapeLeft UIInterfaceOrientationLandscapeRight";
				INFOPLIST_KEY_UISupportedInterfaceOrientations_iPhone = "UIInterfaceOrientationPortrait UIInterfaceOrientationLandscapeLeft UIInterfaceOrientationLandscapeRight";
				LD_RUNPATH_SEARCH_PATHS = (
					"$(inherited)",
					"@executable_path/Frameworks",
				);
				MARKETING_VERSION = 1.0;
				PRODUCT_BUNDLE_IDENTIFIER = com.williamford.WhatsGood;
				PRODUCT_NAME = "$(TARGET_NAME)";
				STRING_CATALOG_GENERATE_SYMBOLS = YES;
				SWIFT_APPROACHABLE_CONCURRENCY = YES;
				SWIFT_DEFAULT_ACTOR_ISOLATION = MainActor;
				SWIFT_EMIT_LOC_STRINGS = YES;
				SWIFT_UPCOMING_FEATURE_MEMBER_IMPORT_VISIBILITY = YES;
				SWIFT_VERSION = 5.0;
				TARGETED_DEVICE_FAMILY = "1,2";
			};
			name = Release;
		};
/* End XCBuildConfiguration section */

/* Begin XCConfigurationList section */
		352491A72F1ECD24002604AC /* Build configuration list for PBXProject "WhatsGood" */ = {
			isa = XCConfigurationList;
			buildConfigurations = (
				352491B52F1ECD25002604AC /* Debug */,
				352491B62F1ECD25002604AC /* Release */,
			);
			defaultConfigurationIsVisible = 0;
			defaultConfigurationName = Release;
		};
		352491B72F1ECD25002604AC /* Build configuration list for PBXNativeTarget "WhatsGood" */ = {
			isa = XCConfigurationList;
			buildConfigurations = (
				352491B82F1ECD25002604AC /* Debug */,
				352491B92F1ECD25002604AC /* Release */,
			);
			defaultConfigurationIsVisible = 0;
			defaultConfigurationName = Release;
		};
/* End XCConfigurationList section */
	};
	rootObject = 352491A42F1ECD24002604AC /* Project object */;
}
